
Microsoft Visual Studio Solution File, Format Version 12.00
# Visual Studio 2012
Project("{070BCB52-5A75-4F8C-A973-144AF0EAFCC9}") = "PicChat", "PicChat\PicChat.iceproj", "{D13CC9C3-5D66-4A5D-8246-6029B2A4D981}"
EndProject
Global
	GlobalSection(SolutionConfigurationPlatforms) = preSolution
		Debug|Any CPU = Debug|Any CPU
		Release|Any CPU = Release|Any CPU
	EndGlobalSection
	GlobalSection(ProjectConfigurationPlatforms) = postSolution
		{D13CC9C3-5D66-4A5D-8246-6029B2A4D981}.Debug|Any CPU.ActiveCfg = Debug|Any CPU
		{D13CC9C3-5D66-4A5D-8246-6029B2A4D981}.Debug|Any CPU.Build.0 = Debug|Any CPU
		{D13CC9C3-5D66-4A5D-8246-6029B2A4D981}.Release|Any CPU.ActiveCfg = Release|Any CPU
		{D13CC9C3-5D66-4A5D-8246-6029B2A4D981}.Release|Any CPU.Build.0 = Release|Any CPU
	EndGlobalSection
	GlobalSection(SolutionProperties) = preSolution
		HideSolutionNode = FALSE
	EndGlobalSection
EndGlobal
